
Microsoft Visual Studio Solution File, Format Version 12.00
# Visual Studio 15
VisualStudioVersion = 15.0.27703.2000
MinimumVisualStudioVersion = 10.0.40219.1
Project("{9092AA53-FB77-4645-B42D-1CCCA6BD08BD}") = "ExpressApp1", "ExpressApp1\ExpressApp1.njsproj", "{D9302F41-8EB4-451C-98E4-5B7413AF6FB7}"
EndProject
Global
	GlobalSection(SolutionConfigurationPlatforms) = preSolution
		Debug|Any CPU = Debug|Any CPU
		Release|Any CPU = Release|Any CPU
	EndGlobalSection
	GlobalSection(ProjectConfigurationPlatforms) = postSolution
		{D9302F41-8EB4-451C-98E4-5B7413AF6FB7}.Debug|Any CPU.ActiveCfg = Debug|Any CPU
		{D9302F41-8EB4-451C-98E4-5B7413AF6FB7}.Debug|Any CPU.Build.0 = Debug|Any CPU
		{D9302F41-8EB4-451C-98E4-5B7413AF6FB7}.Release|Any CPU.ActiveCfg = Release|Any CPU
		{D9302F41-8EB4-451C-98E4-5B7413AF6FB7}.Release|Any CPU.Build.0 = Release|Any CPU
	EndGlobalSection
	GlobalSection(SolutionProperties) = preSolution
		HideSolutionNode = FALSE
	EndGlobalSection
	GlobalSection(ExtensibilityGlobals) = postSolution
		SolutionGuid = {65997495-DD9E-476F-B65A-A2D463A24196}
	EndGlobalSection
EndGlobal
